
Microsoft Visual Studio Solution File, Format Version 12.00
# Visual Studio Version 16
VisualStudioVersion = 16.0.31313.79
MinimumVisualStudioVersion = 10.0.40219.1
Project("{FAE04EC0-301F-11D3-BF4B-00C04F79EFBC}") = "Assignment3", "Assignment3\Assignment3.csproj", "{78D79CE9-8E30-4750-B505-0FE1AC03CA42}"
EndProject
Project("{FAE04EC0-301F-11D3-BF4B-00C04F79EFBC}") = "UnitTests", "UnitTests\UnitTests.csproj", "{DAD30913-1438-493D-8ADD-357F17F7B38A}"
EndProject
Global
	GlobalSection(SolutionConfigurationPlatforms) = preSolution
		Debug|Any CPU = Debug|Any CPU
		Release|Any CPU = Release|Any CPU
	EndGlobalSection
	GlobalSection(ProjectConfigurationPlatforms) = postSolution
		{78D79CE9-8E30-4750-B505-0FE1AC03CA42}.Debug|Any CPU.ActiveCfg = Debug|Any CPU
		{78D79CE9-8E30-4750-B505-0FE1AC03CA42}.Debug|Any CPU.Build.0 = Debug|Any CPU
		{78D79CE9-8E30-4750-B505-0FE1AC03CA42}.Release|Any CPU.ActiveCfg = Release|Any CPU
		{78D79CE9-8E30-4750-B505-0FE1AC03CA42}.Release|Any CPU.Build.0 = Release|Any CPU
		{DAD30913-1438-493D-8ADD-357F17F7B38A}.Debug|Any CPU.ActiveCfg = Debug|Any CPU
		{DAD30913-1438-493D-8ADD-357F17F7B38A}.Debug|Any CPU.Build.0 = Debug|Any CPU
		{DAD30913-1438-493D-8ADD-357F17F7B38A}.Release|Any CPU.ActiveCfg = Release|Any CPU
		{DAD30913-1438-493D-8ADD-357F17F7B38A}.Release|Any CPU.Build.0 = Release|Any CPU
	EndGlobalSection
	GlobalSection(SolutionProperties) = preSolution
		HideSolutionNode = FALSE
	EndGlobalSection
	GlobalSection(ExtensibilityGlobals) = postSolution
		SolutionGuid = {A3FD2B6F-3F12-4C27-8381-C0C9029CBF3E}
	EndGlobalSection
EndGlobal
